
Microsoft Visual Studio Solution File, Format Version 12.00
# Visual Studio Version 16
VisualStudioVersion = 16.0.30002.166
MinimumVisualStudioVersion = 10.0.40219.1
Project("{FAE04EC0-301F-11D3-BF4B-00C04F79EFBC}") = "HeifConvert", "HeifConvert\HeifConvert.csproj", "{F6B030BE-57AB-460B-93F9-53CFDEB70AB6}"
EndProject
Global
	GlobalSection(SolutionConfigurationPlatforms) = preSolution
		Debug|Any CPU = Debug|Any CPU
		Release|Any CPU = Release|Any CPU
	EndGlobalSection
	GlobalSection(ProjectConfigurationPlatforms) = postSolution
		{F6B030BE-57AB-460B-93F9-53CFDEB70AB6}.Debug|Any CPU.ActiveCfg = Debug|Any CPU
		{F6B030BE-57AB-460B-93F9-53CFDEB70AB6}.Debug|Any CPU.Build.0 = Debug|Any CPU
		{F6B030BE-57AB-460B-93F9-53CFDEB70AB6}.Release|Any CPU.ActiveCfg = Release|Any CPU
		{F6B030BE-57AB-460B-93F9-53CFDEB70AB6}.Release|Any CPU.Build.0 = Release|Any CPU
	EndGlobalSection
	GlobalSection(SolutionProperties) = preSolution
		HideSolutionNode = FALSE
	EndGlobalSection
	GlobalSection(ExtensibilityGlobals) = postSolution
		SolutionGuid = {82914C28-1C42-431D-AF38-C1BCB3D35F84}
	EndGlobalSection
EndGlobal
